
Microsoft Visual Studio Solution File, Format Version 12.00
# Visual Studio Version 16
VisualStudioVersion = 16.0.30309.148
MinimumVisualStudioVersion = 10.0.40219.1
Project("{9A19103F-16F7-4668-BE54-9A1E7A4F7556}") = "TestPlatform.WEB", "TestPlatform\TestPlatform.WEB.csproj", "{EE6BD4E6-93B5-45F7-B0E2-65C3023C2E4E}"
EndProject
Project("{2150E333-8FDC-42A3-9474-1A3956D46DE8}") = "Services", "Services", "{95839162-F3C3-4D0B-9DE8-A65F1F3819F9}"
EndProject
Project("{9A19103F-16F7-4668-BE54-9A1E7A4F7556}") = "TestPlatform.Services.Interfaces", "TestPlatform.Services.Interfaces\TestPlatform.Services.Interfaces.csproj", "{F156C2C6-7D3C-4949-A785-C5BAFD639349}"
EndProject
Project("{2150E333-8FDC-42A3-9474-1A3956D46DE8}") = "Infrastructure", "Infrastructure", "{5014597A-6C06-40F0-B591-B1958687F207}"
EndProject
Project("{9A19103F-16F7-4668-BE54-9A1E7A4F7556}") = "TestPlatform.Infrastructure.Data", "TestPlatform.Infrastructure.Data\TestPlatform.Infrastructure.Data.csproj", "{5A679332-916C-4A9F-A55D-7001C25BF4F7}"
EndProject
Project("{9A19103F-16F7-4668-BE54-9A1E7A4F7556}") = "TestPlatform.Services.ModelServices", "TestPlatform.Services.ModelServices\TestPlatform.Services.ModelServices.csproj", "{5D7DB933-B685-4903-AF6D-09258D745EE6}"
EndProject
Project("{9A19103F-16F7-4668-BE54-9A1E7A4F7556}") = "TestPlatform.Core", "TestPlatform.Core\TestPlatform.Core.csproj", "{AB35F8BB-51FD-49B9-936F-74EBCA2E39F5}"
EndProject
Project("{FAE04EC0-301F-11D3-BF4B-00C04F79EFBC}") = "TestPlatform.BL", "TestPlatform.BL\TestPlatform.BL.csproj", "{E0BFB513-B6A8-476B-A6E9-9E3A249DC59D}"
EndProject
Global
	GlobalSection(SolutionConfigurationPlatforms) = preSolution
		Debug|Any CPU = Debug|Any CPU
		Release|Any CPU = Release|Any CPU
	EndGlobalSection
	GlobalSection(ProjectConfigurationPlatforms) = postSolution
		{EE6BD4E6-93B5-45F7-B0E2-65C3023C2E4E}.Debug|Any CPU.ActiveCfg = Debug|Any CPU
		{EE6BD4E6-93B5-45F7-B0E2-65C3023C2E4E}.Debug|Any CPU.Build.0 = Debug|Any CPU
		{EE6BD4E6-93B5-45F7-B0E2-65C3023C2E4E}.Release|Any CPU.ActiveCfg = Release|Any CPU
		{EE6BD4E6-93B5-45F7-B0E2-65C3023C2E4E}.Release|Any CPU.Build.0 = Release|Any CPU
		{F156C2C6-7D3C-4949-A785-C5BAFD639349}.Debug|Any CPU.ActiveCfg = Debug|Any CPU
		{F156C2C6-7D3C-4949-A785-C5BAFD639349}.Debug|Any CPU.Build.0 = Debug|Any CPU
		{F156C2C6-7D3C-4949-A785-C5BAFD639349}.Release|Any CPU.ActiveCfg = Release|Any CPU
		{F156C2C6-7D3C-4949-A785-C5BAFD639349}.Release|Any CPU.Build.0 = Release|Any CPU
		{5A679332-916C-4A9F-A55D-7001C25BF4F7}.Debug|Any CPU.ActiveCfg = Debug|Any CPU
		{5A679332-916C-4A9F-A55D-7001C25BF4F7}.Debug|Any CPU.Build.0 = Debug|Any CPU
		{5A679332-916C-4A9F-A55D-7001C25BF4F7}.Release|Any CPU.ActiveCfg = Release|Any CPU
		{5A679332-916C-4A9F-A55D-7001C25BF4F7}.Release|Any CPU.Build.0 = Release|Any CPU
		{5D7DB933-B685-4903-AF6D-09258D745EE6}.Debug|Any CPU.ActiveCfg = Debug|Any CPU
		{5D7DB933-B685-4903-AF6D-09258D745EE6}.Debug|Any CPU.Build.0 = Debug|Any CPU
		{5D7DB933-B685-4903-AF6D-09258D745EE6}.Release|Any CPU.ActiveCfg = Release|Any CPU
		{5D7DB933-B685-4903-AF6D-09258D745EE6}.Release|Any CPU.Build.0 = Release|Any CPU
		{AB35F8BB-51FD-49B9-936F-74EBCA2E39F5}.Debug|Any CPU.ActiveCfg = Debug|Any CPU
		{AB35F8BB-51FD-49B9-936F-74EBCA2E39F5}.Debug|Any CPU.Build.0 = Debug|Any CPU
		{AB35F8BB-51FD-49B9-936F-74EBCA2E39F5}.Release|Any CPU.ActiveCfg = Release|Any CPU
		{AB35F8BB-51FD-49B9-936F-74EBCA2E39F5}.Release|Any CPU.Build.0 = Release|Any CPU
		{E0BFB513-B6A8-476B-A6E9-9E3A249DC59D}.Debug|Any CPU.ActiveCfg = Debug|Any CPU
		{E0BFB513-B6A8-476B-A6E9-9E3A249DC59D}.Debug|Any CPU.Build.0 = Debug|Any CPU
		{E0BFB513-B6A8-476B-A6E9-9E3A249DC59D}.Release|Any CPU.ActiveCfg = Release|Any CPU
		{E0BFB513-B6A8-476B-A6E9-9E3A249DC59D}.Release|Any CPU.Build.0 = Release|Any CPU
	EndGlobalSection
	GlobalSection(SolutionProperties) = preSolution
		HideSolutionNode = FALSE
	EndGlobalSection
	GlobalSection(NestedProjects) = preSolution
		{F156C2C6-7D3C-4949-A785-C5BAFD639349} = {95839162-F3C3-4D0B-9DE8-A65F1F3819F9}
		{5A679332-916C-4A9F-A55D-7001C25BF4F7} = {5014597A-6C06-40F0-B591-B1958687F207}
		{5D7DB933-B685-4903-AF6D-09258D745EE6} = {95839162-F3C3-4D0B-9DE8-A65F1F3819F9}
	EndGlobalSection
	GlobalSection(ExtensibilityGlobals) = postSolution
		SolutionGuid = {49A9224B-0A97-498E-BC86-7C8BF5497822}
	EndGlobalSection
EndGlobal
